
Microsoft Visual Studio Solution File, Format Version 12.00
# Visual Studio 15
VisualStudioVersion = 15.0.28010.2026
MinimumVisualStudioVersion = 10.0.40219.1
Project("{FAE04EC0-301F-11D3-BF4B-00C04F79EFBC}") = "SFXPlayer", "SFXPlayer\SFXPlayer.csproj", "{9334A136-1C57-43CB-99B6-E49BA3362340}"
EndProject
Project("{FAE04EC0-301F-11D3-BF4B-00C04F79EFBC}") = "SFXPlayer.Tests", "SFXPlayer.Tests\SFXPlayer.Tests.csproj", "{A66A536B-9EFE-4D51-BE05-6F586672264F}"
EndProject
Global
	GlobalSection(SolutionConfigurationPlatforms) = preSolution
		Debug|Any CPU = Debug|Any CPU
		Debug|x64 = Debug|x64
		Debug|x86 = Debug|x86
		Release|Any CPU = Release|Any CPU
		Release|x64 = Release|x64
		Release|x86 = Release|x86
	EndGlobalSection
	GlobalSection(ProjectConfigurationPlatforms) = postSolution
		{9334A136-1C57-43CB-99B6-E49BA3362340}.Debug|Any CPU.ActiveCfg = Debug|Any CPU
		{9334A136-1C57-43CB-99B6-E49BA3362340}.Debug|Any CPU.Build.0 = Debug|Any CPU
		{9334A136-1C57-43CB-99B6-E49BA3362340}.Debug|x64.ActiveCfg = Debug|Any CPU
		{9334A136-1C57-43CB-99B6-E49BA3362340}.Debug|x64.Build.0 = Debug|Any CPU
		{9334A136-1C57-43CB-99B6-E49BA3362340}.Debug|x86.ActiveCfg = Debug|Any CPU
		{9334A136-1C57-43CB-99B6-E49BA3362340}.Debug|x86.Build.0 = Debug|Any CPU
		{9334A136-1C57-43CB-99B6-E49BA3362340}.Release|Any CPU.ActiveCfg = Release|Any CPU
		{9334A136-1C57-43CB-99B6-E49BA3362340}.Release|Any CPU.Build.0 = Release|Any CPU
		{9334A136-1C57-43CB-99B6-E49BA3362340}.Release|x64.ActiveCfg = Release|Any CPU
		{9334A136-1C57-43CB-99B6-E49BA3362340}.Release|x64.Build.0 = Release|Any CPU
		{9334A136-1C57-43CB-99B6-E49BA3362340}.Release|x86.ActiveCfg = Release|Any CPU
		{9334A136-1C57-43CB-99B6-E49BA3362340}.Release|x86.Build.0 = Release|Any CPU
		{A66A536B-9EFE-4D51-BE05-6F586672264F}.Debug|Any CPU.ActiveCfg = Debug|Any CPU
		{A66A536B-9EFE-4D51-BE05-6F586672264F}.Debug|Any CPU.Build.0 = Debug|Any CPU
		{A66A536B-9EFE-4D51-BE05-6F586672264F}.Debug|x64.ActiveCfg = Debug|Any CPU
		{A66A536B-9EFE-4D51-BE05-6F586672264F}.Debug|x64.Build.0 = Debug|Any CPU
		{A66A536B-9EFE-4D51-BE05-6F586672264F}.Debug|x86.ActiveCfg = Debug|Any CPU
		{A66A536B-9EFE-4D51-BE05-6F586672264F}.Debug|x86.Build.0 = Debug|Any CPU
		{A66A536B-9EFE-4D51-BE05-6F586672264F}.Release|Any CPU.ActiveCfg = Release|Any CPU
		{A66A536B-9EFE-4D51-BE05-6F586672264F}.Release|Any CPU.Build.0 = Release|Any CPU
		{A66A536B-9EFE-4D51-BE05-6F586672264F}.Release|x64.ActiveCfg = Release|Any CPU
		{A66A536B-9EFE-4D51-BE05-6F586672264F}.Release|x64.Build.0 = Release|Any CPU
		{A66A536B-9EFE-4D51-BE05-6F586672264F}.Release|x86.ActiveCfg = Release|Any CPU
		{A66A536B-9EFE-4D51-BE05-6F586672264F}.Release|x86.Build.0 = Release|Any CPU
	EndGlobalSection
	GlobalSection(SolutionProperties) = preSolution
		HideSolutionNode = FALSE
	EndGlobalSection
	GlobalSection(ExtensibilityGlobals) = postSolution
		SolutionGuid = {D64DCB10-78EF-4A9D-B4AA-4FC0712DC8EF}
	EndGlobalSection
EndGlobal
